// !$*UTF8*$!
{
	archiveVersion = 1;
	classes = {
	};
	objectVersion = 50;
	objects = {

/* Begin PBXBuildFile section */
		7F8B6B02262562AB0092B2E7 /* AppDelegate.swift in Sources */ = {isa = PBXBuildFile; fileRef = 7F8B6B01262562AB0092B2E7 /* AppDelegate.swift */; };
		7F8B6B04262562AB0092B2E7 /* SceneDelegate.swift in Sources */ = {isa = PBXBuildFile; fileRef = 7F8B6B03262562AB0092B2E7 /* SceneDelegate.swift */; };
		7F8B6B06262562AB0092B2E7 /* ViewController.swift in Sources */ = {isa = PBXBuildFile; fileRef = 7F8B6B05262562AB0092B2E7 /* ViewController.swift */; };
		7F8B6B09262562AB0092B2E7 /* Main.storyboard in Resources */ = {isa = PBXBuildFile; fileRef = 7F8B6B07262562AB0092B2E7 /* Main.storyboard */; };
		7F8B6B0B262562AD0092B2E7 /* Assets.xcassets in Resources */ = {isa = PBXBuildFile; fileRef = 7F8B6B0A262562AD0092B2E7 /* Assets.xcassets */; };
		7F8B6B0E262562AD0092B2E7 /* LaunchScreen.storyboard in Resources */ = {isa = PBXBuildFile; fileRef = 7F8B6B0C262562AD0092B2E7 /* LaunchScreen.storyboard */; };
		7F8B6B19262562AE0092B2E7 /* BeaconDemoTests.swift in Sources */ = {isa = PBXBuildFile; fileRef = 7F8B6B18262562AE0092B2E7 /* BeaconDemoTests.swift */; };
		7F8B6B24262562AE0092B2E7 /* BeaconDemoUITests.swift in Sources */ = {isa = PBXBuildFile; fileRef = 7F8B6B23262562AE0092B2E7 /* BeaconDemoUITests.swift */; };
		7F8B6B35262563630092B2E7 /* ViewType1.swift in Sources */ = {isa = PBXBuildFile; fileRef = 7F8B6B34262563630092B2E7 /* ViewType1.swift */; };
		7FF68A3B262974BA0059E872 /* DBHelper.swift in Sources */ = {isa = PBXBuildFile; fileRef = 7FF68A3A262974BA0059E872 /* DBHelper.swift */; };
		7FF68A40262975030059E872 /* BeaconDB.swift in Sources */ = {isa = PBXBuildFile; fileRef = 7FF68A3F262975030059E872 /* BeaconDB.swift */; };
/* End PBXBuildFile section */

/* Begin PBXContainerItemProxy section */
		7F8B6B15262562AE0092B2E7 /* PBXContainerItemProxy */ = {
			isa = PBXContainerItemProxy;
			containerPortal = 7F8B6AF6262562AB0092B2E7 /* Project object */;
			proxyType = 1;
			remoteGlobalIDString = 7F8B6AFD262562AB0092B2E7;
			remoteInfo = BeaconDemo;
		};
		7F8B6B20262562AE0092B2E7 /* PBXContainerItemProxy */ = {
			isa = PBXContainerItemProxy;
			containerPortal = 7F8B6AF6262562AB0092B2E7 /* Project object */;
			proxyType = 1;
			remoteGlobalIDString = 7F8B6AFD262562AB0092B2E7;
			remoteInfo = BeaconDemo;
		};
/* End PBXContainerItemProxy section */

/* Begin PBXFileReference section */
		7F8B6AFE262562AB0092B2E7 /* BeaconDemo.app */ = {isa = PBXFileReference; explicitFileType = wrapper.application; includeInIndex = 0; path = BeaconDemo.app; sourceTree = BUILT_PRODUCTS_DIR; };
		7F8B6B01262562AB0092B2E7 /* AppDelegate.swift */ = {isa = PBXFileReference; lastKnownFileType = sourcecode.swift; path = AppDelegate.swift; sourceTree = "<group>"; };
		7F8B6B03262562AB0092B2E7 /* SceneDelegate.swift */ = {isa = PBXFileReference; lastKnownFileType = sourcecode.swift; path = SceneDelegate.swift; sourceTree = "<group>"; };
		7F8B6B05262562AB0092B2E7 /* ViewController.swift */ = {isa = PBXFileReference; lastKnownFileType = sourcecode.swift; path = ViewController.swift; sourceTree = "<group>"; };
		7F8B6B08262562AB0092B2E7 /* Base */ = {isa = PBXFileReference; lastKnownFileType = file.storyboard; name = Base; path = Base.lproj/Main.storyboard; sourceTree = "<group>"; };
		7F8B6B0A262562AD0092B2E7 /* Assets.xcassets */ = {isa = PBXFileReference; lastKnownFileType = folder.assetcatalog; path = Assets.xcassets; sourceTree = "<group>"; };
		7F8B6B0D262562AD0092B2E7 /* Base */ = {isa = PBXFileReference; lastKnownFileType = file.storyboard; name = Base; path = Base.lproj/LaunchScreen.storyboard; sourceTree = "<group>"; };
		7F8B6B0F262562AD0092B2E7 /* Info.plist */ = {isa = PBXFileReference; lastKnownFileType = text.plist.xml; path = Info.plist; sourceTree = "<group>"; };
		7F8B6B14262562AE0092B2E7 /* BeaconDemoTests.xctest */ = {isa = PBXFileReference; explicitFileType = wrapper.cfbundle; includeInIndex = 0; path = BeaconDemoTests.xctest; sourceTree = BUILT_PRODUCTS_DIR; };
		7F8B6B18262562AE0092B2E7 /* BeaconDemoTests.swift */ = {isa = PBXFileReference; lastKnownFileType = sourcecode.swift; path = BeaconDemoTests.swift; sourceTree = "<group>"; };
		7F8B6B1A262562AE0092B2E7 /* Info.plist */ = {isa = PBXFileReference; lastKnownFileType = text.plist.xml; path = Info.plist; sourceTree = "<group>"; };
		7F8B6B1F262562AE0092B2E7 /* BeaconDemoUITests.xctest */ = {isa = PBXFileReference; explicitFileType = wrapper.cfbundle; includeInIndex = 0; path = BeaconDemoUITests.xctest; sourceTree = BUILT_PRODUCTS_DIR; };
		7F8B6B23262562AE0092B2E7 /* BeaconDemoUITests.swift */ = {isa = PBXFileReference; lastKnownFileType = sourcecode.swift; path = BeaconDemoUITests.swift; sourceTree = "<group>"; };
		7F8B6B25262562AE0092B2E7 /* Info.plist */ = {isa = PBXFileReference; lastKnownFileType = text.plist.xml; path = Info.plist; sourceTree = "<group>"; };
		7F8B6B34262563630092B2E7 /* ViewType1.swift */ = {isa = PBXFileReference; lastKnownFileType = sourcecode.swift; path = ViewType1.swift; sourceTree = "<group>"; };
		7FF68A3A262974BA0059E872 /* DBHelper.swift */ = {isa = PBXFileReference; lastKnownFileType = sourcecode.swift; path = DBHelper.swift; sourceTree = "<group>"; };
		7FF68A3F262975030059E872 /* BeaconDB.swift */ = {isa = PBXFileReference; lastKnownFileType = sourcecode.swift; path = BeaconDB.swift; sourceTree = "<group>"; };
		7FF68A9126369F980059E872 /* BeaconDemo.entitlements */ = {isa = PBXFileReference; lastKnownFileType = text.plist.entitlements; path = BeaconDemo.entitlements; sourceTree = "<group>"; };
/* End PBXFileReference section */

/* Begin PBXFrameworksBuildPhase section */
		7F8B6AFB262562AB0092B2E7 /* Frameworks */ = {
			isa = PBXFrameworksBuildPhase;
			buildActionMask = 2147483647;
			files = (
			);
			runOnlyForDeploymentPostprocessing = 0;
		};
		7F8B6B11262562AE0092B2E7 /* Frameworks */ = {
			isa = PBXFrameworksBuildPhase;
			buildActionMask = 2147483647;
			files = (
			);
			runOnlyForDeploymentPostprocessing = 0;
		};
		7F8B6B1C262562AE0092B2E7 /* Frameworks */ = {
			isa = PBXFrameworksBuildPhase;
			buildActionMask = 2147483647;
			files = (
			);
			runOnlyForDeploymentPostprocessing = 0;
		};
/* End PBXFrameworksBuildPhase section */

/* Begin PBXGroup section */
		7F8B6AF5262562AB0092B2E7 = {
			isa = PBXGroup;
			children = (
				7F8B6B00262562AB0092B2E7 /* BeaconDemo */,
				7F8B6B17262562AE0092B2E7 /* BeaconDemoTests */,
				7F8B6B22262562AE0092B2E7 /* BeaconDemoUITests */,
				7F8B6AFF262562AB0092B2E7 /* Products */,
			);
			sourceTree = "<group>";
		};
		7F8B6AFF262562AB0092B2E7 /* Products */ = {
			isa = PBXGroup;
			children = (
				7F8B6AFE262562AB0092B2E7 /* BeaconDemo.app */,
				7F8B6B14262562AE0092B2E7 /* BeaconDemoTests.xctest */,
				7F8B6B1F262562AE0092B2E7 /* BeaconDemoUITests.xctest */,
			);
			name = Products;
			sourceTree = "<group>";
		};
		7F8B6B00262562AB0092B2E7 /* BeaconDemo */ = {
			isa = PBXGroup;
			children = (
				7FF68A9126369F980059E872 /* BeaconDemo.entitlements */,
				7F8B6B01262562AB0092B2E7 /* AppDelegate.swift */,
				7F8B6B03262562AB0092B2E7 /* SceneDelegate.swift */,
				7F8B6B05262562AB0092B2E7 /* ViewController.swift */,
				7F8B6B07262562AB0092B2E7 /* Main.storyboard */,
				7F8B6B0A262562AD0092B2E7 /* Assets.xcassets */,
				7FF68A3A262974BA0059E872 /* DBHelper.swift */,
				7F8B6B34262563630092B2E7 /* ViewType1.swift */,
				7FF68A3F262975030059E872 /* BeaconDB.swift */,
				7F8B6B0C262562AD0092B2E7 /* LaunchScreen.storyboard */,
				7F8B6B0F262562AD0092B2E7 /* Info.plist */,
			);
			path = BeaconDemo;
			sourceTree = "<group>";
		};
		7F8B6B17262562AE0092B2E7 /* BeaconDemoTests */ = {
			isa = PBXGroup;
			children = (
				7F8B6B18262562AE0092B2E7 /* BeaconDemoTests.swift */,
				7F8B6B1A262562AE0092B2E7 /* Info.plist */,
			);
			path = BeaconDemoTests;
			sourceTree = "<group>";
		};
		7F8B6B22262562AE0092B2E7 /* BeaconDemoUITests */ = {
			isa = PBXGroup;
			children = (
				7F8B6B23262562AE0092B2E7 /* BeaconDemoUITests.swift */,
				7F8B6B25262562AE0092B2E7 /* Info.plist */,
			);
			path = BeaconDemoUITests;
			sourceTree = "<group>";
		};
/* End PBXGroup section */

/* Begin PBXNativeTarget section */
		7F8B6AFD262562AB0092B2E7 /* BeaconDemo */ = {
			isa = PBXNativeTarget;
			buildConfigurationList = 7F8B6B28262562AE0092B2E7 /* Build configuration list for PBXNativeTarget "BeaconDemo" */;
			buildPhases = (
				7F8B6AFA262562AB0092B2E7 /* Sources */,
				7F8B6AFB262562AB0092B2E7 /* Frameworks */,
				7F8B6AFC262562AB0092B2E7 /* Resources */,
			);
			buildRules = (
			);
			dependencies = (
			);
			name = BeaconDemo;
			productName = BeaconDemo;
			productReference = 7F8B6AFE262562AB0092B2E7 /* BeaconDemo.app */;
			productType = "com.apple.product-type.application";
		};
		7F8B6B13262562AE0092B2E7 /* BeaconDemoTests */ = {
			isa = PBXNativeTarget;
			buildConfigurationList = 7F8B6B2B262562AE0092B2E7 /* Build configuration list for PBXNativeTarget "BeaconDemoTests" */;
			buildPhases = (
				7F8B6B10262562AE0092B2E7 /* Sources */,
				7F8B6B11262562AE0092B2E7 /* Frameworks */,
				7F8B6B12262562AE0092B2E7 /* Resources */,
			);
			buildRules = (
			);
			dependencies = (
				7F8B6B16262562AE0092B2E7 /* PBXTargetDependency */,
			);
			name = BeaconDemoTests;
			productName = BeaconDemoTests;
			productReference = 7F8B6B14262562AE0092B2E7 /* BeaconDemoTests.xctest */;
			productType = "com.apple.product-type.bundle.unit-test";
		};
		7F8B6B1E262562AE0092B2E7 /* BeaconDemoUITests */ = {
			isa = PBXNativeTarget;
			buildConfigurationList = 7F8B6B2E262562AE0092B2E7 /* Build configuration list for PBXNativeTarget "BeaconDemoUITests" */;
			buildPhases = (
				7F8B6B1B262562AE0092B2E7 /* Sources */,
				7F8B6B1C262562AE0092B2E7 /* Frameworks */,
				7F8B6B1D262562AE0092B2E7 /* Resources */,
			);
			buildRules = (
			);
			dependencies = (
				7F8B6B21262562AE0092B2E7 /* PBXTargetDependency */,
			);
			name = BeaconDemoUITests;
			productName = BeaconDemoUITests;
			productReference = 7F8B6B1F262562AE0092B2E7 /* BeaconDemoUITests.xctest */;
			productType = "com.apple.product-type.bundle.ui-testing";
		};
/* End PBXNativeTarget section */

/* Begin PBXProject section */
		7F8B6AF6262562AB0092B2E7 /* Project object */ = {
			isa = PBXProject;
			attributes = {
				LastSwiftUpdateCheck = 1240;
				LastUpgradeCheck = 1240;
				TargetAttributes = {
					7F8B6AFD262562AB0092B2E7 = {
						CreatedOnToolsVersion = 12.4;
					};
					7F8B6B13262562AE0092B2E7 = {
						CreatedOnToolsVersion = 12.4;
						TestTargetID = 7F8B6AFD262562AB0092B2E7;
					};
					7F8B6B1E262562AE0092B2E7 = {
						CreatedOnToolsVersion = 12.4;
						TestTargetID = 7F8B6AFD262562AB0092B2E7;
					};
				};
			};
			buildConfigurationList = 7F8B6AF9262562AB0092B2E7 /* Build configuration list for PBXProject "BeaconDemo" */;
			compatibilityVersion = "Xcode 9.3";
			developmentRegion = en;
			hasScannedForEncodings = 0;
			knownRegions = (
				en,
				Base,
			);
			mainGroup = 7F8B6AF5262562AB0092B2E7;
			productRefGroup = 7F8B6AFF262562AB0092B2E7 /* Products */;
			projectDirPath = "";
			projectRoot = "";
			targets = (
				7F8B6AFD262562AB0092B2E7 /* BeaconDemo */,
				7F8B6B13262562AE0092B2E7 /* BeaconDemoTests */,
				7F8B6B1E262562AE0092B2E7 /* BeaconDemoUITests */,
			);
		};
/* End PBXProject section */

/* Begin PBXResourcesBuildPhase section */
		7F8B6AFC262562AB0092B2E7 /* Resources */ = {
			isa = PBXResourcesBuildPhase;
			buildActionMask = 2147483647;
			files = (
				7F8B6B0E262562AD0092B2E7 /* LaunchScreen.storyboard in Resources */,
				7F8B6B0B262562AD0092B2E7 /* Assets.xcassets in Resources */,
				7F8B6B09262562AB0092B2E7 /* Main.storyboard in Resources */,
			);
			runOnlyForDeploymentPostprocessing = 0;
		};
		7F8B6B12262562AE0092B2E7 /* Resources */ = {
			isa = PBXResourcesBuildPhase;
			buildActionMask = 2147483647;
			files = (
			);
			runOnlyForDeploymentPostprocessing = 0;
		};
		7F8B6B1D262562AE0092B2E7 /* Resources */ = {
			isa = PBXResourcesBuildPhase;
			buildActionMask = 2147483647;
			files = (
			);
			runOnlyForDeploymentPostprocessing = 0;
		};
/* End PBXResourcesBuildPhase section */

/* Begin PBXSourcesBuildPhase section */
		7F8B6AFA262562AB0092B2E7 /* Sources */ = {
			isa = PBXSourcesBuildPhase;
			buildActionMask = 2147483647;
			files = (
				7F8B6B35262563630092B2E7 /* ViewType1.swift in Sources */,
				7F8B6B06262562AB0092B2E7 /* ViewController.swift in Sources */,
				7FF68A3B262974BA0059E872 /* DBHelper.swift in Sources */,
				7F8B6B02262562AB0092B2E7 /* AppDelegate.swift in Sources */,
				7F8B6B04262562AB0092B2E7 /* SceneDelegate.swift in Sources */,
				7FF68A40262975030059E872 /* BeaconDB.swift in Sources */,
			);
			runOnlyForDeploymentPostprocessing = 0;
		};
		7F8B6B10262562AE0092B2E7 /* Sources */ = {
			isa = PBXSourcesBuildPhase;
			buildActionMask = 2147483647;
			files = (
				7F8B6B19262562AE0092B2E7 /* BeaconDemoTests.swift in Sources */,
			);
			runOnlyForDeploymentPostprocessing = 0;
		};
		7F8B6B1B262562AE0092B2E7 /* Sources */ = {
			isa = PBXSourcesBuildPhase;
			buildActionMask = 2147483647;
			files = (
				7F8B6B24262562AE0092B2E7 /* BeaconDemoUITests.swift in Sources */,
			);
			runOnlyForDeploymentPostprocessing = 0;
		};
/* End PBXSourcesBuildPhase section */

/* Begin PBXTargetDependency section */
		7F8B6B16262562AE0092B2E7 /* PBXTargetDependency */ = {
			isa = PBXTargetDependency;
			target = 7F8B6AFD262562AB0092B2E7 /* BeaconDemo */;
			targetProxy = 7F8B6B15262562AE0092B2E7 /* PBXContainerItemProxy */;
		};
		7F8B6B21262562AE0092B2E7 /* PBXTargetDependency */ = {
			isa = PBXTargetDependency;
			target = 7F8B6AFD262562AB0092B2E7 /* BeaconDemo */;
			targetProxy = 7F8B6B20262562AE0092B2E7 /* PBXContainerItemProxy */;
		};
/* End PBXTargetDependency section */

/* Begin PBXVariantGroup section */
		7F8B6B07262562AB0092B2E7 /* Main.storyboard */ = {
			isa = PBXVariantGroup;
			children = (
				7F8B6B08262562AB0092B2E7 /* Base */,
			);
			name = Main.storyboard;
			sourceTree = "<group>";
		};
		7F8B6B0C262562AD0092B2E7 /* LaunchScreen.storyboard */ = {
			isa = PBXVariantGroup;
			children = (
				7F8B6B0D262562AD0092B2E7 /* Base */,
			);
			name = LaunchScreen.storyboard;
			sourceTree = "<group>";
		};
/* End PBXVariantGroup section */

/* Begin XCBuildConfiguration section */
		7F8B6B26262562AE0092B2E7 /* Debug */ = {
			isa = XCBuildConfiguration;
			buildSettings = {
				ALWAYS_SEARCH_USER_PATHS = NO;
				CLANG_ANALYZER_NONNULL = YES;
				CLANG_ANALYZER_NUMBER_OBJECT_CONVERSION = YES_AGGRESSIVE;
				CLANG_CXX_LANGUAGE_STANDARD = "gnu++14";
				CLANG_CXX_LIBRARY = "libc++";
				CLANG_ENABLE_MODULES = YES;
				CLANG_ENABLE_OBJC_ARC = YES;
				CLANG_ENABLE_OBJC_WEAK = YES;
				CLANG_WARN_BLOCK_CAPTURE_AUTORELEASING = YES;
				CLANG_WARN_BOOL_CONVERSION = YES;
				CLANG_WARN_COMMA = YES;
				CLANG_WARN_CONSTANT_CONVERSION = YES;
				CLANG_WARN_DEPRECATED_OBJC_IMPLEMENTATIONS = YES;
				CLANG_WARN_DIRECT_OBJC_ISA_USAGE = YES_ERROR;
				CLANG_WARN_DOCUMENTATION_COMMENTS = YES;
				CLANG_WARN_EMPTY_BODY = YES;
				CLANG_WARN_ENUM_CONVERSION = YES;
				CLANG_WARN_INFINITE_RECURSION = YES;
				CLANG_WARN_INT_CONVERSION = YES;
				CLANG_WARN_NON_LITERAL_NULL_CONVERSION = YES;
				CLANG_WARN_OBJC_IMPLICIT_RETAIN_SELF = YES;
				CLANG_WARN_OBJC_LITERAL_CONVERSION = YES;
				CLANG_WARN_OBJC_ROOT_CLASS = YES_ERROR;
				CLANG_WARN_QUOTED_INCLUDE_IN_FRAMEWORK_HEADER = YES;
				CLANG_WARN_RANGE_LOOP_ANALYSIS = YES;
				CLANG_WARN_STRICT_PROTOTYPES = YES;
				CLANG_WARN_SUSPICIOUS_MOVE = YES;
				CLANG_WARN_UNGUARDED_AVAILABILITY = YES_AGGRESSIVE;
				CLANG_WARN_UNREACHABLE_CODE = YES;
				CLANG_WARN__DUPLICATE_METHOD_MATCH = YES;
				COPY_PHASE_STRIP = NO;
				DEBUG_INFORMATION_FORMAT = dwarf;
				ENABLE_STRICT_OBJC_MSGSEND = YES;
				ENABLE_TESTABILITY = YES;
				GCC_C_LANGUAGE_STANDARD = gnu11;
				GCC_DYNAMIC_NO_PIC = NO;
				GCC_NO_COMMON_BLOCKS = YES;
				GCC_OPTIMIZATION_LEVEL = 0;
				GCC_PREPROCESSOR_DEFINITIONS = (
					"DEBUG=1",
					"$(inherited)",
				);
				GCC_WARN_64_TO_32_BIT_CONVERSION = YES;
				GCC_WARN_ABOUT_RETURN_TYPE = YES_ERROR;
				GCC_WARN_UNDECLARED_SELECTOR = YES;
				GCC_WARN_UNINITIALIZED_AUTOS = YES_AGGRESSIVE;
				GCC_WARN_UNUSED_FUNCTION = YES;
				GCC_WARN_UNUSED_VARIABLE = YES;
				IPHONEOS_DEPLOYMENT_TARGET = 14.4;
				MTL_ENABLE_DEBUG_INFO = INCLUDE_SOURCE;
				MTL_FAST_MATH = YES;
				ONLY_ACTIVE_ARCH = YES;
				SDKROOT = iphoneos;
				SWIFT_ACTIVE_COMPILATION_CONDITIONS = DEBUG;
				SWIFT_OPTIMIZATION_LEVEL = "-Onone";
			};
			name = Debug;
		};
		7F8B6B27262562AE0092B2E7 /* Release */ = {
			isa = XCBuildConfiguration;
			buildSettings = {
				ALWAYS_SEARCH_USER_PATHS = NO;
				CLANG_ANALYZER_NONNULL = YES;
				CLANG_ANALYZER_NUMBER_OBJECT_CONVERSION = YES_AGGRESSIVE;
				CLANG_CXX_LANGUAGE_STANDARD = "gnu++14";
				CLANG_CXX_LIBRARY = "libc++";
				CLANG_ENABLE_MODULES = YES;
				CLANG_ENABLE_OBJC_ARC = YES;
				CLANG_ENABLE_OBJC_WEAK = YES;
				CLANG_WARN_BLOCK_CAPTURE_AUTORELEASING = YES;
				CLANG_WARN_BOOL_CONVERSION = YES;
				CLANG_WARN_COMMA = YES;
				CLANG_WARN_CONSTANT_CONVERSION = YES;
				CLANG_WARN_DEPRECATED_OBJC_IMPLEMENTATIONS = YES;
				CLANG_WARN_DIRECT_OBJC_ISA_USAGE = YES_ERROR;
				CLANG_WARN_DOCUMENTATION_COMMENTS = YES;
				CLANG_WARN_EMPTY_BODY = YES;
				CLANG_WARN_ENUM_CONVERSION = YES;
				CLANG_WARN_INFINITE_RECURSION = YES;
				CLANG_WARN_INT_CONVERSION = YES;
				CLANG_WARN_NON_LITERAL_NULL_CONVERSION = YES;
				CLANG_WARN_OBJC_IMPLICIT_RETAIN_SELF = YES;
				CLANG_WARN_OBJC_LITERAL_CONVERSION = YES;
				CLANG_WARN_OBJC_ROOT_CLASS = YES_ERROR;
				CLANG_WARN_QUOTED_INCLUDE_IN_FRAMEWORK_HEADER = YES;
				CLANG_WARN_RANGE_LOOP_ANALYSIS = YES;
				CLANG_WARN_STRICT_PROTOTYPES = YES;
				CLANG_WARN_SUSPICIOUS_MOVE = YES;
				CLANG_WARN_UNGUARDED_AVAILABILITY = YES_AGGRESSIVE;
				CLANG_WARN_UNREACHABLE_CODE = YES;
				CLANG_WARN__DUPLICATE_METHOD_MATCH = YES;
				COPY_PHASE_STRIP = NO;
				DEBUG_INFORMATION_FORMAT = "dwarf-with-dsym";
				ENABLE_NS_ASSERTIONS = NO;
				ENABLE_STRICT_OBJC_MSGSEND = YES;
				GCC_C_LANGUAGE_STANDARD = gnu11;
				GCC_NO_COMMON_BLOCKS = YES;
				GCC_WARN_64_TO_32_BIT_CONVERSION = YES;
				GCC_WARN_ABOUT_RETURN_TYPE = YES_ERROR;
				GCC_WARN_UNDECLARED_SELECTOR = YES;
				GCC_WARN_UNINITIALIZED_AUTOS = YES_AGGRESSIVE;
				GCC_WARN_UNUSED_FUNCTION = YES;
				GCC_WARN_UNUSED_VARIABLE = YES;
				IPHONEOS_DEPLOYMENT_TARGET = 14.4;
				MTL_ENABLE_DEBUG_INFO = NO;
				MTL_FAST_MATH = YES;
				SDKROOT = iphoneos;
				SWIFT_COMPILATION_MODE = wholemodule;
				SWIFT_OPTIMIZATION_LEVEL = "-O";
				VALIDATE_PRODUCT = YES;
			};
			name = Release;
		};
		7F8B6B29262562AE0092B2E7 /* Debug */ = {
			isa = XCBuildConfiguration;
			buildSettings = {
				ASSETCATALOG_COMPILER_APPICON_NAME = AppIcon;
				ASSETCATALOG_COMPILER_GLOBAL_ACCENT_COLOR_NAME = AccentColor;
				CODE_SIGN_ENTITLEMENTS = BeaconDemo/BeaconDemo.entitlements;
				CODE_SIGN_STYLE = Automatic;
				DEVELOPMENT_TEAM = C56249PD89;
				INFOPLIST_FILE = BeaconDemo/Info.plist;
				LD_RUNPATH_SEARCH_PATHS = (
					"$(inherited)",
					"@executable_path/Frameworks",
				);
				PRODUCT_BUNDLE_IDENTIFIER = Jungjin.BeaconDemo;
				PRODUCT_NAME = "$(TARGET_NAME)";
				SWIFT_VERSION = 5.0;
				TARGETED_DEVICE_FAMILY = "1,2";
			};
			name = Debug;
		};
		7F8B6B2A262562AE0092B2E7 /* Release */ = {
			isa = XCBuildConfiguration;
			buildSettings = {
				ASSETCATALOG_COMPILER_APPICON_NAME = AppIcon;
				ASSETCATALOG_COMPILER_GLOBAL_ACCENT_COLOR_NAME = AccentColor;
				CODE_SIGN_ENTITLEMENTS = BeaconDemo/BeaconDemo.entitlements;
				CODE_SIGN_STYLE = Automatic;
				DEVELOPMENT_TEAM = C56249PD89;
				INFOPLIST_FILE = BeaconDemo/Info.plist;
				LD_RUNPATH_SEARCH_PATHS = (
					"$(inherited)",
					"@executable_path/Frameworks",
				);
				PRODUCT_BUNDLE_IDENTIFIER = Jungjin.BeaconDemo;
				PRODUCT_NAME = "$(TARGET_NAME)";
				SWIFT_VERSION = 5.0;
				TARGETED_DEVICE_FAMILY = "1,2";
			};
			name = Release;
		};
		7F8B6B2C262562AE0092B2E7 /* Debug */ = {
			isa = XCBuildConfiguration;
			buildSettings = {
				ALWAYS_EMBED_SWIFT_STANDARD_LIBRARIES = YES;
				BUNDLE_LOADER = "$(TEST_HOST)";
				CODE_SIGN_STYLE = Automatic;
				DEVELOPMENT_TEAM = C56249PD89;
				INFOPLIST_FILE = BeaconDemoTests/Info.plist;
				IPHONEOS_DEPLOYMENT_TARGET = 14.4;
				LD_RUNPATH_SEARCH_PATHS = (
					"$(inherited)",
					"@executable_path/Frameworks",
					"@loader_path/Frameworks",
				);
				PRODUCT_BUNDLE_IDENTIFIER = Jungjin.BeaconDemoTests;
				PRODUCT_NAME = "$(TARGET_NAME)";
				SWIFT_VERSION = 5.0;
				TARGETED_DEVICE_FAMILY = "1,2";
				TEST_HOST = "$(BUILT_PRODUCTS_DIR)/BeaconDemo.app/BeaconDemo";
			};
			name = Debug;
		};
		7F8B6B2D262562AE0092B2E7 /* Release */ = {
			isa = XCBuildConfiguration;
			buildSettings = {
				ALWAYS_EMBED_SWIFT_STANDARD_LIBRARIES = YES;
				BUNDLE_LOADER = "$(TEST_HOST)";
				CODE_SIGN_STYLE = Automatic;
				DEVELOPMENT_TEAM = C56249PD89;
				INFOPLIST_FILE = BeaconDemoTests/Info.plist;
				IPHONEOS_DEPLOYMENT_TARGET = 14.4;
				LD_RUNPATH_SEARCH_PATHS = (
					"$(inherited)",
					"@executable_path/Frameworks",
					"@loader_path/Frameworks",
				);
				PRODUCT_BUNDLE_IDENTIFIER = Jungjin.BeaconDemoTests;
				PRODUCT_NAME = "$(TARGET_NAME)";
				SWIFT_VERSION = 5.0;
				TARGETED_DEVICE_FAMILY = "1,2";
				TEST_HOST = "$(BUILT_PRODUCTS_DIR)/BeaconDemo.app/BeaconDemo";
			};
			name = Release;
		};
		7F8B6B2F262562AE0092B2E7 /* Debug */ = {
			isa = XCBuildConfiguration;
			buildSettings = {
				ALWAYS_EMBED_SWIFT_STANDARD_LIBRARIES = YES;
				CODE_SIGN_STYLE = Automatic;
				DEVELOPMENT_TEAM = C56249PD89;
				INFOPLIST_FILE = BeaconDemoUITests/Info.plist;
				LD_RUNPATH_SEARCH_PATHS = (
					"$(inherited)",
					"@executable_path/Frameworks",
					"@loader_path/Frameworks",
				);
				PRODUCT_BUNDLE_IDENTIFIER = Jungjin.BeaconDemoUITests;
				PRODUCT_NAME = "$(TARGET_NAME)";
				SWIFT_VERSION = 5.0;
				TARGETED_DEVICE_FAMILY = "1,2";
				TEST_TARGET_NAME = BeaconDemo;
			};
			name = Debug;
		};
		7F8B6B30262562AE0092B2E7 /* Release */ = {
			isa = XCBuildConfiguration;
			buildSettings = {
				ALWAYS_EMBED_SWIFT_STANDARD_LIBRARIES = YES;
				CODE_SIGN_STYLE = Automatic;
				DEVELOPMENT_TEAM = C56249PD89;
				INFOPLIST_FILE = BeaconDemoUITests/Info.plist;
				LD_RUNPATH_SEARCH_PATHS = (
					"$(inherited)",
					"@executable_path/Frameworks",
					"@loader_path/Frameworks",
				);
				PRODUCT_BUNDLE_IDENTIFIER = Jungjin.BeaconDemoUITests;
				PRODUCT_NAME = "$(TARGET_NAME)";
				SWIFT_VERSION = 5.0;
				TARGETED_DEVICE_FAMILY = "1,2";
				TEST_TARGET_NAME = BeaconDemo;
			};
			name = Release;
		};
/* End XCBuildConfiguration section */

/* Begin XCConfigurationList section */
		7F8B6AF9262562AB0092B2E7 /* Build configuration list for PBXProject "BeaconDemo" */ = {
			isa = XCConfigurationList;
			buildConfigurations = (
				7F8B6B26262562AE0092B2E7 /* Debug */,
				7F8B6B27262562AE0092B2E7 /* Release */,
			);
			defaultConfigurationIsVisible = 0;
			defaultConfigurationName = Release;
		};
		7F8B6B28262562AE0092B2E7 /* Build configuration list for PBXNativeTarget "BeaconDemo" */ = {
			isa = XCConfigurationList;
			buildConfigurations = (
				7F8B6B29262562AE0092B2E7 /* Debug */,
				7F8B6B2A262562AE0092B2E7 /* Release */,
			);
			defaultConfigurationIsVisible = 0;
			defaultConfigurationName = Release;
		};
		7F8B6B2B262562AE0092B2E7 /* Build configuration list for PBXNativeTarget "BeaconDemoTests" */ = {
			isa = XCConfigurationList;
			buildConfigurations = (
				7F8B6B2C262562AE0092B2E7 /* Debug */,
				7F8B6B2D262562AE0092B2E7 /* Release */,
			);
			defaultConfigurationIsVisible = 0;
			defaultConfigurationName = Release;
		};
		7F8B6B2E262562AE0092B2E7 /* Build configuration list for PBXNativeTarget "BeaconDemoUITests" */ = {
			isa = XCConfigurationList;
			buildConfigurations = (
				7F8B6B2F262562AE0092B2E7 /* Debug */,
				7F8B6B30262562AE0092B2E7 /* Release */,
			);
			defaultConfigurationIsVisible = 0;
			defaultConfigurationName = Release;
		};
/* End XCConfigurationList section */
	};
	rootObject = 7F8B6AF6262562AB0092B2E7 /* Project object */;
}
